
Microsoft Visual Studio Solution File, Format Version 11.00
# Visual Studio 2010
Project("{8BC9CEB8-8B4A-11D0-8D11-00A0C91BC942}") = "EasyPortfolio.Model", "src\EasyPortfolio.Model\EasyPorfolio.Model.vcxproj", "{C8F45025-8B63-4793-8E7B-4366B6413341}"
EndProject
Project("{8BC9CEB8-8B4A-11D0-8D11-00A0C91BC942}") = "EasyPortfolio.Test", "src\EasyPortfolio.Test\Test.vcxproj", "{D9A76AC6-CE21-49C1-AAB5-7B539C072D9F}"
	ProjectSection(ProjectDependencies) = postProject
		{C8F45025-8B63-4793-8E7B-4366B6413341} = {C8F45025-8B63-4793-8E7B-4366B6413341}
	EndProjectSection
EndProject
Global
	GlobalSection(SolutionConfigurationPlatforms) = preSolution
		Debug|Win32 = Debug|Win32
		Release|Win32 = Release|Win32
	EndGlobalSection
	GlobalSection(ProjectConfigurationPlatforms) = postSolution
		{C8F45025-8B63-4793-8E7B-4366B6413341}.Debug|Win32.ActiveCfg = Debug|Win32
		{C8F45025-8B63-4793-8E7B-4366B6413341}.Debug|Win32.Build.0 = Debug|Win32
		{C8F45025-8B63-4793-8E7B-4366B6413341}.Release|Win32.ActiveCfg = Release|Win32
		{C8F45025-8B63-4793-8E7B-4366B6413341}.Release|Win32.Build.0 = Release|Win32
		{D9A76AC6-CE21-49C1-AAB5-7B539C072D9F}.Debug|Win32.ActiveCfg = Debug|Win32
		{D9A76AC6-CE21-49C1-AAB5-7B539C072D9F}.Debug|Win32.Build.0 = Debug|Win32
		{D9A76AC6-CE21-49C1-AAB5-7B539C072D9F}.Release|Win32.ActiveCfg = Release|Win32
		{D9A76AC6-CE21-49C1-AAB5-7B539C072D9F}.Release|Win32.Build.0 = Release|Win32
	EndGlobalSection
	GlobalSection(SolutionProperties) = preSolution
		HideSolutionNode = FALSE
	EndGlobalSection
EndGlobal
