<?xml version="1.0" encoding="UTF-8" standalone="yes" ?>
<CodeBlocks_project_file>
	<FileVersion major="1" minor="6" />
	<Project>
		<Option title="EasyPortfolio.Test" />
		<Option pch_mode="2" />
		<Option compiler="gcc" />
		<Build>
			<Target title="Debug">
				<Option output="..\..\bin\DebugGcc\EasyPortfolio.Test" prefix_auto="1" extension_auto="1" />
				<Option object_output="..\..\obj\DebugGcc\" />
				<Option type="1" />
				<Option compiler="gcc" />
				<Compiler>
					<Add option="-g" />
				</Compiler>
				<Linker>
					<Add library="EasyPortfolio.dll" />
					<Add directory="..\..\bin\DebugGcc" />
				</Linker>
			</Target>
			<Target title="Release">
				<Option output="bin\ReleaseGcc\EasyPortfolio.Test" prefix_auto="1" extension_auto="1" />
				<Option object_output="obj\ReleaseGcc\" />
				<Option type="1" />
				<Option compiler="gcc" />
				<Compiler>
					<Add option="-O2" />
					<Add option="-Wall" />
				</Compiler>
				<Linker>
					<Add option="-s" />
					<Add library="EasyPortfolio.dll" />
					<Add directory="..\..\bin\ReleaseGcc" />
				</Linker>
			</Target>
		</Build>
		<Compiler>
			<Add option="-Wextra" />
			<Add option="-Wall" />
			<Add option="-ansi" />
		</Compiler>
		<Unit filename="Test.c">
			<Option compilerVar="CC" />
		</Unit>
		<Extensions>
			<code_completion />
			<envvars />
			<debugger />
			<lib_finder disable_auto="1" />
		</Extensions>
	</Project>
</CodeBlocks_project_file>
